{
  "name": "jshint.com",
  "version": "0.0.0",
  "lockfileVersion": 1,
  "requires": true,
  "dependencies": {
    "@types/node": {
      "version": "13.7.4",
      "resolved": "https://registry.npmjs.org/@types/node/-/node-13.7.4.tgz",
      "integrity": "sha512-oVeL12C6gQS/GAExndigSaLxTrKpQPxewx9bOcwfvJiJge4rr7wNaph4J+ns5hrmIV2as5qxqN8YKthn9qh0jw=="
    },
    "boolbase": {
      "version": "1.0.0",
      "resolved": "https://registry.npmjs.org/boolbase/-/boolbase-1.0.0.tgz",
      "integrity": "sha1-aN/1++YMUes3cl6p4+0xDcwed24="
    },
    "cheerio": {
      "version": "1.0.0-rc.3",
      "resolved": "https://registry.npmjs.org/cheerio/-/cheerio-1.0.0-rc.3.tgz",
      "integrity": "sha512-0td5ijfUPuubwLUu0OBoe98gZj8C/AA+RW3v67GPlGOrvxWjZmBXiBCRU+I8VEiNyJzjth40POfHiz2RB3gImA==",
      "requires": {
        "css-select": "~1.2.0",
        "dom-serializer": "~0.1.1",
        "entities": "~1.1.1",
        "htmlparser2": "^3.9.1",
        "lodash": "^4.15.0",
        "parse5": "^3.0.1"
      }
    },
    "css-select": {
      "version": "1.2.0",
      "resolved": "https://registry.npmjs.org/css-select/-/css-select-1.2.0.tgz",
      "integrity": "sha1-KzoRBTnFNV8c2NMUYj6HCxIeyFg=",
      "requires": {
        "boolbase": "~1.0.0",
        "css-what": "2.1",
        "domutils": "1.5.1",
        "nth-check": "~1.0.1"
      }
    },
    "css-what": {
      "version": "2.1.3",
      "resolved": "https://registry.npmjs.org/css-what/-/css-what-2.1.3.tgz",
      "integrity": "sha512-a+EPoD+uZiNfh+5fxw2nO9QwFa6nJe2Or35fGY6Ipw1R3R4AGz1d1TEZrCegvw2YTmZ0jXirGYlzxxpYSHwpEg=="
    },
    "dom-serializer": {
      "version": "0.1.1",
      "resolved": "https://registry.npmjs.org/dom-serializer/-/dom-serializer-0.1.1.tgz",
      "integrity": "sha512-l0IU0pPzLWSHBcieZbpOKgkIn3ts3vAh7ZuFyXNwJxJXk/c4Gwj9xaTJwIDVQCXawWD0qb3IzMGH5rglQaO0XA==",
      "requires": {
        "domelementtype": "^1.3.0",
        "entities": "^1.1.1"
      }
    },
    "domelementtype": {
      "version": "1.3.1",
      "resolved": "https://registry.npmjs.org/domelementtype/-/domelementtype-1.3.1.tgz",
      "integrity": "sha512-BSKB+TSpMpFI/HOxCNr1O8aMOTZ8hT3pM3GQ0w/mWRmkhEDSFJkkyzz4XQsBV44BChwGkrDfMyjVD0eA2aFV3w=="
    },
    "domhandler": {
      "version": "2.4.2",
      "resolved": "https://registry.npmjs.org/domhandler/-/domhandler-2.4.2.tgz",
      "integrity": "sha512-JiK04h0Ht5u/80fdLMCEmV4zkNh2BcoMFBmZ/91WtYZ8qVXSKjiw7fXMgFPnHcSZgOo3XdinHvmnDUeMf5R4wA==",
      "requires": {
        "domelementtype": "1"
      }
    },
    "domutils": {
      "version": "1.5.1",
      "resolved": "https://registry.npmjs.org/domutils/-/domutils-1.5.1.tgz",
      "integrity": "sha1-3NhIiib1Y9YQeeSMn3t+Mjc2gs8=",
      "requires": {
        "dom-serializer": "0",
        "domelementtype": "1"
      }
    },
    "dox": {
      "version": "0.6.1",
      "resolved": "https://registry.npmjs.org/dox/-/dox-0.6.1.tgz",
      "integrity": "sha1-gkcHWtSydf6I+7rgL+EvPFSAp/0=",
      "requires": {
        "commander": "0.6.1",
        "jsdoctypeparser": "^1.1.1",
        "marked": ">=0.3.1"
      },
      "dependencies": {
        "commander": {
          "version": "0.6.1",
          "resolved": "https://registry.npmjs.org/commander/-/commander-0.6.1.tgz",
          "integrity": "sha1-+mihT2qUXVTbvlDYzbMyDp47GgY="
        },
        "jsdoctypeparser": {
          "version": "1.2.0",
          "resolved": "https://registry.npmjs.org/jsdoctypeparser/-/jsdoctypeparser-1.2.0.tgz",
          "integrity": "sha1-597cFToRhJ/8UUEUSuhqfvDCU5I=",
          "requires": {
            "lodash": "^3.7.0"
          },
          "dependencies": {
            "lodash": {
              "version": "3.10.1",
              "resolved": "https://registry.npmjs.org/lodash/-/lodash-3.10.1.tgz",
              "integrity": "sha1-W/Rejkm6QYnhfUgnid/RW9FAt7Y="
            }
          }
        }
      }
    },
    "entities": {
      "version": "1.1.2",
      "resolved": "https://registry.npmjs.org/entities/-/entities-1.1.2.tgz",
      "integrity": "sha512-f2LZMYl1Fzu7YSBKg+RoROelpOaNrcGmE9AZubeDfrCEia483oW4MI4VyFd5VNHIgQ/7qm1I0wUHK1eJnn2y2w=="
    },
    "htmlparser2": {
      "version": "3.10.1",
      "resolved": "https://registry.npmjs.org/htmlparser2/-/htmlparser2-3.10.1.tgz",
      "integrity": "sha512-IgieNijUMbkDovyoKObU1DUhm1iwNYE/fuifEoEHfd1oZKZDaONBSkal7Y01shxsM49R4XaMdGez3WnF9UfiCQ==",
      "requires": {
        "domelementtype": "^1.3.1",
        "domhandler": "^2.3.0",
        "domutils": "^1.5.1",
        "entities": "^1.1.1",
        "inherits": "^2.0.1",
        "readable-stream": "^3.1.1"
      }
    },
    "inherits": {
      "version": "2.0.4",
      "resolved": "https://registry.npmjs.org/inherits/-/inherits-2.0.4.tgz",
      "integrity": "sha512-k/vGaX4/Yla3WzyMCvTQOXYeIHvqOKtnqBduzTHpzpQZzAskKMhZ2K+EnBiSM9zGSoIFeMpXKxa4dYeZIQqewQ=="
    },
    "jshint": {
      "version": "2.10.1",
      "integrity": "sha1-Br1M6gkMQkQFqgmH3nQTQf8X9rw=",
      "requires": {
        "cli": "~1.0.0",
        "console-browserify": "1.1.x",
        "exit": "0.1.x",
        "htmlparser2": "3.8.x",
        "lodash": "~4.17.10",
        "minimatch": "~3.0.2",
        "shelljs": "0.3.x",
        "strip-json-comments": "1.0.x"
      },
      "dependencies": {
        "cli": {
          "version": "1.0.1",
          "resolved": "https://registry.npmjs.org/cli/-/cli-1.0.1.tgz",
          "integrity": "sha1-IoF1NPJL+klQw01TLUjsvGIbjBQ=",
          "requires": {
            "exit": "0.1.2",
            "glob": "^7.1.1"
          },
          "dependencies": {
            "glob": {
              "version": "7.1.3",
              "resolved": "https://registry.npmjs.org/glob/-/glob-7.1.3.tgz",
              "integrity": "sha1-OWCDLT8VdBCDQtr9OmezMsCWnfE=",
              "requires": {
                "fs.realpath": "^1.0.0",
                "inflight": "^1.0.4",
                "inherits": "2",
                "minimatch": "^3.0.4",
                "once": "^1.3.0",
                "path-is-absolute": "^1.0.0"
              },
              "dependencies": {
                "fs.realpath": {
                  "version": "1.0.0",
                  "resolved": "https://registry.npmjs.org/fs.realpath/-/fs.realpath-1.0.0.tgz",
                  "integrity": "sha1-FQStJSMVjKpA20onh8sBQRmU6k8="
                },
                "inflight": {
                  "version": "1.0.6",
                  "resolved": "https://registry.npmjs.org/inflight/-/inflight-1.0.6.tgz",
                  "integrity": "sha1-Sb1jMdfQLQwJvJEKEHW6gWW1bfk=",
                  "requires": {
                    "once": "^1.3.0",
                    "wrappy": "1"
                  },
                  "dependencies": {
                    "wrappy": {
                      "version": "1.0.2",
                      "resolved": "https://registry.npmjs.org/wrappy/-/wrappy-1.0.2.tgz",
                      "integrity": "sha1-tSQ9jz7BqjXxNkYFvA0QNuMKtp8="
                    }
                  }
                },
                "inherits": {
                  "version": "2.0.3",
                  "resolved": "https://registry.npmjs.org/inherits/-/inherits-2.0.3.tgz",
                  "integrity": "sha1-Yzwsg+PaQqUC9SRmAiSA9CCCYd4="
                },
                "once": {
                  "version": "1.4.0",
                  "resolved": "https://registry.npmjs.org/once/-/once-1.4.0.tgz",
                  "integrity": "sha1-WDsap3WWHUsROsF9nFC6753Xa9E=",
                  "requires": {
                    "wrappy": "1"
                  },
                  "dependencies": {
                    "wrappy": {
                      "version": "1.0.2",
                      "resolved": "https://registry.npmjs.org/wrappy/-/wrappy-1.0.2.tgz",
                      "integrity": "sha1-tSQ9jz7BqjXxNkYFvA0QNuMKtp8="
                    }
                  }
                },
                "path-is-absolute": {
                  "version": "1.0.1",
                  "resolved": "https://registry.npmjs.org/path-is-absolute/-/path-is-absolute-1.0.1.tgz",
                  "integrity": "sha1-F0uSaHNVNP+8es5r9TpanhtcX18="
                }
              }
            }
          }
        },
        "console-browserify": {
          "version": "1.1.0",
          "resolved": "https://registry.npmjs.org/console-browserify/-/console-browserify-1.1.0.tgz",
          "integrity": "sha1-8CQcRXMKn8YyOyBtvzjtx0HQuxA=",
          "requires": {
            "date-now": "^0.1.4"
          },
          "dependencies": {
            "date-now": {
              "version": "0.1.4",
              "resolved": "https://registry.npmjs.org/date-now/-/date-now-0.1.4.tgz",
              "integrity": "sha1-6vQ5/U1ISK105cx9vvIAZyueNFs="
            }
          }
        },
        "exit": {
          "version": "0.1.2",
          "resolved": "https://registry.npmjs.org/exit/-/exit-0.1.2.tgz",
          "integrity": "sha1-BjJjj42HfMghB9MKD/8aF8uhzQw="
        },
        "htmlparser2": {
          "version": "3.8.3",
          "resolved": "https://registry.npmjs.org/htmlparser2/-/htmlparser2-3.8.3.tgz",
          "integrity": "sha1-mWwosZFRaovoZQGn15dX5ccMEGg=",
          "requires": {
            "domelementtype": "1",
            "domhandler": "2.3",
            "domutils": "1.5",
            "entities": "1.0",
            "readable-stream": "1.1"
          },
          "dependencies": {
            "domelementtype": {
              "version": "1.3.1",
              "resolved": "https://registry.npmjs.org/domelementtype/-/domelementtype-1.3.1.tgz",
              "integrity": "sha1-0EjESzew0Qp/Kj1f7j9DM9eQSB8="
            },
            "domhandler": {
              "version": "2.3.0",
              "resolved": "https://registry.npmjs.org/domhandler/-/domhandler-2.3.0.tgz",
              "integrity": "sha1-LeWaCCLVAn+r/28DLCsloqir5zg=",
              "requires": {
                "domelementtype": "1"
              }
            },
            "domutils": {
              "version": "1.5.1",
              "resolved": "https://registry.npmjs.org/domutils/-/domutils-1.5.1.tgz",
              "integrity": "sha1-3NhIiib1Y9YQeeSMn3t+Mjc2gs8=",
              "requires": {
                "dom-serializer": "0",
                "domelementtype": "1"
              },
              "dependencies": {
                "dom-serializer": {
                  "version": "0.1.0",
                  "resolved": "https://registry.npmjs.org/dom-serializer/-/dom-serializer-0.1.0.tgz",
                  "integrity": "sha1-BzxpdUbOB4DOI75KKOKT5AvDDII=",
                  "requires": {
                    "domelementtype": "~1.1.1",
                    "entities": "~1.1.1"
                  },
                  "dependencies": {
                    "domelementtype": {
                      "version": "1.1.3",
                      "resolved": "https://registry.npmjs.org/domelementtype/-/domelementtype-1.1.3.tgz",
                      "integrity": "sha1-vSh3PiZCiBrsUVRJJCmcXNgiGFs="
                    },
                    "entities": {
                      "version": "1.1.2",
                      "resolved": "https://registry.npmjs.org/entities/-/entities-1.1.2.tgz",
                      "integrity": "sha1-vfpzUplmTfr9NFKe1PhSKidf6lY="
                    }
                  }
                }
              }
            },
            "entities": {
              "version": "1.0.0",
              "resolved": "https://registry.npmjs.org/entities/-/entities-1.0.0.tgz",
              "integrity": "sha1-sph6o4ITR/zeZCsk/fyeT7cSvyY="
            },
            "readable-stream": {
              "version": "1.1.14",
              "resolved": "https://registry.npmjs.org/readable-stream/-/readable-stream-1.1.14.tgz",
              "integrity": "sha1-fPTFTvZI44EwhMY23SB54WbAgdk=",
              "requires": {
                "core-util-is": "~1.0.0",
                "inherits": "~2.0.1",
                "isarray": "0.0.1",
                "string_decoder": "~0.10.x"
              },
              "dependencies": {
                "core-util-is": {
                  "version": "1.0.2",
                  "resolved": "https://registry.npmjs.org/core-util-is/-/core-util-is-1.0.2.tgz",
                  "integrity": "sha1-tf1UIgqivFq1eqtxQMlAdUUDwac="
                },
                "inherits": {
                  "version": "2.0.3",
                  "resolved": "https://registry.npmjs.org/inherits/-/inherits-2.0.3.tgz",
                  "integrity": "sha1-Yzwsg+PaQqUC9SRmAiSA9CCCYd4="
                },
                "isarray": {
                  "version": "0.0.1",
                  "resolved": "https://registry.npmjs.org/isarray/-/isarray-0.0.1.tgz",
                  "integrity": "sha1-ihis/Kmo9Bd+Cav8YDiTmwXR7t8="
                },
                "string_decoder": {
                  "version": "0.10.31",
                  "resolved": "https://registry.npmjs.org/string_decoder/-/string_decoder-0.10.31.tgz",
                  "integrity": "sha1-YuIDvEF2bGwoyfyEMB2rHFMQ+pQ="
                }
              }
            }
          }
        },
        "lodash": {
          "version": "4.17.11",
          "resolved": "https://registry.npmjs.org/lodash/-/lodash-4.17.11.tgz",
          "integrity": "sha1-s56mIp72B+zYniyN8SU2iRysm40="
        },
        "minimatch": {
          "version": "3.0.4",
          "resolved": "https://registry.npmjs.org/minimatch/-/minimatch-3.0.4.tgz",
          "integrity": "sha1-UWbihkV/AzBgZL5Ul+jbsMPTIIM=",
          "requires": {
            "brace-expansion": "^1.1.7"
          },
          "dependencies": {
            "brace-expansion": {
              "version": "1.1.11",
              "resolved": "https://registry.npmjs.org/brace-expansion/-/brace-expansion-1.1.11.tgz",
              "integrity": "sha1-PH/L9SnYcibz0vUrlm/1Jx60Qd0=",
              "requires": {
                "balanced-match": "^1.0.0",
                "concat-map": "0.0.1"
              },
              "dependencies": {
                "balanced-match": {
                  "version": "1.0.0",
                  "resolved": "https://registry.npmjs.org/balanced-match/-/balanced-match-1.0.0.tgz",
                  "integrity": "sha1-ibTRmasr7kneFk6gK4nORi1xt2c="
                },
                "concat-map": {
                  "version": "0.0.1",
                  "resolved": "https://registry.npmjs.org/concat-map/-/concat-map-0.0.1.tgz",
                  "integrity": "sha1-2Klr13/Wjfd5OnMDajug1UBdR3s="
                }
              }
            }
          }
        },
        "shelljs": {
          "version": "0.3.0",
          "resolved": "https://registry.npmjs.org/shelljs/-/shelljs-0.3.0.tgz",
          "integrity": "sha1-NZbmMHp4FUT1kfN9phg2DzHbV7E="
        },
        "strip-json-comments": {
          "version": "1.0.4",
          "resolved": "https://registry.npmjs.org/strip-json-comments/-/strip-json-comments-1.0.4.tgz",
          "integrity": "sha1-HhX7ysl9Pumb8tc7TGVrCCu6+5E="
        }
      }
    },
    "lodash": {
      "version": "4.17.15",
      "resolved": "https://registry.npmjs.org/lodash/-/lodash-4.17.15.tgz",
      "integrity": "sha512-8xOcRHvCjnocdS5cpwXQXVzmmh5e5+saE2QGoeQmbKmRS6J3VQppPOIt0MnmE+4xlZoumy0GPG0D0MVIQbNA1A=="
    },
    "marked": {
      "version": "0.3.19",
      "resolved": "https://registry.npmjs.org/marked/-/marked-0.3.19.tgz",
      "integrity": "sha1-XUf3CcTJ/Dwha21GEnKA9As515A="
    },
    "nth-check": {
      "version": "1.0.2",
      "resolved": "https://registry.npmjs.org/nth-check/-/nth-check-1.0.2.tgz",
      "integrity": "sha512-WeBOdju8SnzPN5vTUJYxYUxLeXpCaVP5i5e0LF8fg7WORF2Wd7wFX/pk0tYZk7s8T+J7VLy0Da6J1+wCT0AtHg==",
      "requires": {
        "boolbase": "~1.0.0"
      }
    },
    "oddweb": {
      "version": "0.0.4",
      "resolved": "https://registry.npmjs.org/oddweb/-/oddweb-0.0.4.tgz",
      "integrity": "sha1-gQ7m3YP0vaZsmGzS3oRZ2J9cZ2g=",
      "requires": {
        "handlebars": "1.0.x",
        "markdown": "0.5.x",
        "mime": "~1.2.10",
        "moment": "~2.1.0",
        "shelljs": "~0.1.4"
      },
      "dependencies": {
        "handlebars": {
          "version": "1.0.12",
          "resolved": "https://registry.npmjs.org/handlebars/-/handlebars-1.0.12.tgz",
          "integrity": "sha1-GMbTRAw16RsZs/9YK5FRq0mF1Pw=",
          "requires": {
            "optimist": "~0.3",
            "uglify-js": "~2.3"
          },
          "dependencies": {
            "optimist": {
              "version": "0.3.7",
              "resolved": "https://registry.npmjs.org/optimist/-/optimist-0.3.7.tgz",
              "integrity": "sha1-yQlBrVnkJzMokjB00s8ufLxuwNk=",
              "requires": {
                "wordwrap": "~0.0.2"
              },
              "dependencies": {
                "wordwrap": {
                  "version": "0.0.3",
                  "resolved": "https://registry.npmjs.org/wordwrap/-/wordwrap-0.0.3.tgz",
                  "integrity": "sha1-o9XabNXAvAAI03I0u68b7WMFkQc="
                }
              }
            },
            "uglify-js": {
              "version": "2.3.6",
              "resolved": "https://registry.npmjs.org/uglify-js/-/uglify-js-2.3.6.tgz",
              "integrity": "sha1-+gmEdwtCi3qbKoBY9GNV0U/vIRo=",
              "requires": {
                "async": "~0.2.6",
                "optimist": "~0.3.5",
                "source-map": "~0.1.7"
              },
              "dependencies": {
                "async": {
                  "version": "0.2.10",
                  "resolved": "https://registry.npmjs.org/async/-/async-0.2.10.tgz",
                  "integrity": "sha1-trvgsGdLnXGXCMo43owjfLUmw9E="
                },
                "source-map": {
                  "version": "0.1.43",
                  "resolved": "https://registry.npmjs.org/source-map/-/source-map-0.1.43.tgz",
                  "integrity": "sha1-wkvBRspRfBRx9drL4lcbK3+eM0Y=",
                  "requires": {
                    "amdefine": ">=0.0.4"
                  },
                  "dependencies": {
                    "amdefine": {
                      "version": "1.0.1",
                      "resolved": "https://registry.npmjs.org/amdefine/-/amdefine-1.0.1.tgz",
                      "integrity": "sha1-SlKCrBZHKek2Gbz9OtFR+BfOkfU="
                    }
                  }
                }
              }
            }
          }
        },
        "markdown": {
          "version": "0.5.0",
          "resolved": "https://registry.npmjs.org/markdown/-/markdown-0.5.0.tgz",
          "integrity": "sha1-KCBbVlqK51kt4gdGPWY33BgnIrI=",
          "requires": {
            "nopt": "~2.1.1"
          },
          "dependencies": {
            "nopt": {
              "version": "2.1.2",
              "resolved": "https://registry.npmjs.org/nopt/-/nopt-2.1.2.tgz",
              "integrity": "sha1-bMzZd7gBMqB3MdbozljCyDA8+a8=",
              "requires": {
                "abbrev": "1"
              },
              "dependencies": {
                "abbrev": {
                  "version": "1.1.1",
                  "resolved": "https://registry.npmjs.org/abbrev/-/abbrev-1.1.1.tgz",
                  "integrity": "sha1-+PLIh60Qv2f2NPAFtph/7TF5qsg="
                }
              }
            }
          }
        },
        "mime": {
          "version": "1.2.11",
          "resolved": "https://registry.npmjs.org/mime/-/mime-1.2.11.tgz",
          "integrity": "sha1-WCA+7Ybjpe8XrtK32evUfwpg3RA="
        },
        "moment": {
          "version": "2.1.0",
          "resolved": "https://registry.npmjs.org/moment/-/moment-2.1.0.tgz",
          "integrity": "sha1-H9exE0ApqVPG6jcduu43WYrANWc="
        },
        "shelljs": {
          "version": "0.1.4",
          "resolved": "https://registry.npmjs.org/shelljs/-/shelljs-0.1.4.tgz",
          "integrity": "sha1-37vnjVbDwBaNL7eeEOzR28sH7A4="
        }
      }
    },
    "parse5": {
      "version": "3.0.3",
      "resolved": "https://registry.npmjs.org/parse5/-/parse5-3.0.3.tgz",
      "integrity": "sha512-rgO9Zg5LLLkfJF9E6CCmXlSE4UVceloys8JrFqCcHloC3usd/kJCyPDwH2SOlzix2j3xaP9sUX3e8+kvkuleAA==",
      "requires": {
        "@types/node": "*"
      }
    },
    "readable-stream": {
      "version": "3.6.0",
      "resolved": "https://registry.npmjs.org/readable-stream/-/readable-stream-3.6.0.tgz",
      "integrity": "sha512-BViHy7LKeTz4oNnkcLJ+lVSL6vpiFeX6/d3oSH8zCW7UxP2onchk+vTGB143xuFjHS3deTgkKoXXymXqymiIdA==",
      "requires": {
        "inherits": "^2.0.3",
        "string_decoder": "^1.1.1",
        "util-deprecate": "^1.0.1"
      }
    },
    "safe-buffer": {
      "version": "5.2.0",
      "resolved": "https://registry.npmjs.org/safe-buffer/-/safe-buffer-5.2.0.tgz",
      "integrity": "sha512-fZEwUGbVl7kouZs1jCdMLdt95hdIv0ZeHg6L7qPeciMZhZ+/gdesW4wgTARkrFWEpspjEATAzUGPG8N2jJiwbg=="
    },
    "sqwish": {
      "version": "0.2.2",
      "resolved": "https://registry.npmjs.org/sqwish/-/sqwish-0.2.2.tgz",
      "integrity": "sha1-AP4maBBPEii1u37nOe9gEhu8sFc="
    },
    "string_decoder": {
      "version": "1.3.0",
      "resolved": "https://registry.npmjs.org/string_decoder/-/string_decoder-1.3.0.tgz",
      "integrity": "sha512-hkRX8U1WjJFd8LsDJ2yQ/wWWxaopEsABU1XfkM8A+j0+85JAGppt16cr1Whg6KIbb4okU6Mql6BOj+uup/wKeA==",
      "requires": {
        "safe-buffer": "~5.2.0"
      }
    },
    "uglify-js": {
      "version": "2.4.24",
      "resolved": "https://registry.npmjs.org/uglify-js/-/uglify-js-2.4.24.tgz",
      "integrity": "sha1-+tV1XB4Vd2WLsG/5q25UjJW+vW4=",
      "requires": {
        "async": "~0.2.6",
        "source-map": "0.1.34",
        "uglify-to-browserify": "~1.0.0",
        "yargs": "~3.5.4"
      },
      "dependencies": {
        "async": {
          "version": "0.2.10",
          "resolved": "https://registry.npmjs.org/async/-/async-0.2.10.tgz",
          "integrity": "sha1-trvgsGdLnXGXCMo43owjfLUmw9E="
        },
        "source-map": {
          "version": "0.1.34",
          "resolved": "https://registry.npmjs.org/source-map/-/source-map-0.1.34.tgz",
          "integrity": "sha1-p8/omux7FoLDsZjQrPtH19CQVms=",
          "requires": {
            "amdefine": ">=0.0.4"
          },
          "dependencies": {
            "amdefine": {
              "version": "1.0.1",
              "resolved": "https://registry.npmjs.org/amdefine/-/amdefine-1.0.1.tgz",
              "integrity": "sha1-SlKCrBZHKek2Gbz9OtFR+BfOkfU="
            }
          }
        },
        "uglify-to-browserify": {
          "version": "1.0.2",
          "resolved": "https://registry.npmjs.org/uglify-to-browserify/-/uglify-to-browserify-1.0.2.tgz",
          "integrity": "sha1-bgkk1r2mta/jSeOabWMoUKD4grc="
        },
        "yargs": {
          "version": "3.5.4",
          "resolved": "https://registry.npmjs.org/yargs/-/yargs-3.5.4.tgz",
          "integrity": "sha1-2K/49mXpTDS9JZvevRv68N3TU2E=",
          "requires": {
            "camelcase": "^1.0.2",
            "decamelize": "^1.0.0",
            "window-size": "0.1.0",
            "wordwrap": "0.0.2"
          },
          "dependencies": {
            "camelcase": {
              "version": "1.2.1",
              "resolved": "https://registry.npmjs.org/camelcase/-/camelcase-1.2.1.tgz",
              "integrity": "sha1-m7UwTS4LVmmLLHWLCKPqqdqlijk="
            },
            "decamelize": {
              "version": "1.2.0",
              "resolved": "https://registry.npmjs.org/decamelize/-/decamelize-1.2.0.tgz",
              "integrity": "sha1-9lNNFRSCabIDUue+4m9QH5oZEpA="
            },
            "window-size": {
              "version": "0.1.0",
              "resolved": "https://registry.npmjs.org/window-size/-/window-size-0.1.0.tgz",
              "integrity": "sha1-VDjNLqk7IC76Ohn+iIeu58lPnJ0="
            },
            "wordwrap": {
              "version": "0.0.2",
              "resolved": "https://registry.npmjs.org/wordwrap/-/wordwrap-0.0.2.tgz",
              "integrity": "sha1-t5Zpu0LstAn4PVg8rVLKF+qhZD8="
            }
          }
        }
      }
    },
    "util-deprecate": {
      "version": "1.0.2",
      "resolved": "https://registry.npmjs.org/util-deprecate/-/util-deprecate-1.0.2.tgz",
      "integrity": "sha1-RQ1Nyfpw3nMnYvvS1KKJgUGaDM8="
    }
  }
}
